
Microsoft Visual Studio Solution File, Format Version 12.00
# Visual Studio Version 16
VisualStudioVersion = 25.0.1703.0
MinimumVisualStudioVersion = 10.0.40219.1
Project("{FAE04EC0-301F-11D3-BF4B-00C04F79EFBC}") = "terravital-admin-edificios-webapi", "terravital-admin-edificios-webapi.csproj", "{F4C0A1F7-5592-49D1-812A-7FA42140C414}"
EndProject
Global
	GlobalSection(SolutionConfigurationPlatforms) = preSolution
		Debug|Any CPU = Debug|Any CPU
		Release|Any CPU = Release|Any CPU
	EndGlobalSection
	GlobalSection(ProjectConfigurationPlatforms) = postSolution
		{F4C0A1F7-5592-49D1-812A-7FA42140C414}.Debug|Any CPU.ActiveCfg = Debug|Any CPU
		{F4C0A1F7-5592-49D1-812A-7FA42140C414}.Debug|Any CPU.Build.0 = Debug|Any CPU
		{F4C0A1F7-5592-49D1-812A-7FA42140C414}.Release|Any CPU.ActiveCfg = Release|Any CPU
		{F4C0A1F7-5592-49D1-812A-7FA42140C414}.Release|Any CPU.Build.0 = Release|Any CPU
	EndGlobalSection
	GlobalSection(SolutionProperties) = preSolution
		HideSolutionNode = FALSE
	EndGlobalSection
	GlobalSection(ExtensibilityGlobals) = postSolution
		SolutionGuid = {1BEADAB1-13C3-4728-914A-097B6345292B}
	EndGlobalSection
EndGlobal
